
Microsoft Visual Studio Solution File, Format Version 12.00
# Visual Studio 2013
VisualStudioVersion = 12.0.21005.1
MinimumVisualStudioVersion = 10.0.40219.1
Project("{FAE04EC0-301F-11D3-BF4B-00C04F79EFBC}") = "ReadableTimeSpans", "ReadableTimeSpans\ReadableTimeSpans.csproj", "{613FA694-1B80-4F45-A140-C52886D735DE}"
EndProject
Project("{FAE04EC0-301F-11D3-BF4B-00C04F79EFBC}") = "ReadableTimeSpans.Tests", "ReadableTimeSpans.Tests\ReadableTimeSpans.Tests.csproj", "{7ABD8173-4753-4B22-BE84-5FD7273E7542}"
EndProject
Project("{2150E333-8FDC-42A3-9474-1A3956D46DE8}") = ".nuget", ".nuget", "{24556B50-496B-414A-812C-0CC4975E3795}"
	ProjectSection(SolutionItems) = preProject
		.nuget\NuGet.Config = .nuget\NuGet.Config
		.nuget\NuGet.exe = .nuget\NuGet.exe
		.nuget\NuGet.targets = .nuget\NuGet.targets
	EndProjectSection
EndProject
Global
	GlobalSection(SolutionConfigurationPlatforms) = preSolution
		Debug|Any CPU = Debug|Any CPU
		Release|Any CPU = Release|Any CPU
	EndGlobalSection
	GlobalSection(ProjectConfigurationPlatforms) = postSolution
		{613FA694-1B80-4F45-A140-C52886D735DE}.Debug|Any CPU.ActiveCfg = Debug|Any CPU
		{613FA694-1B80-4F45-A140-C52886D735DE}.Debug|Any CPU.Build.0 = Debug|Any CPU
		{613FA694-1B80-4F45-A140-C52886D735DE}.Release|Any CPU.ActiveCfg = Release|Any CPU
		{613FA694-1B80-4F45-A140-C52886D735DE}.Release|Any CPU.Build.0 = Release|Any CPU
		{7ABD8173-4753-4B22-BE84-5FD7273E7542}.Debug|Any CPU.ActiveCfg = Debug|Any CPU
		{7ABD8173-4753-4B22-BE84-5FD7273E7542}.Debug|Any CPU.Build.0 = Debug|Any CPU
		{7ABD8173-4753-4B22-BE84-5FD7273E7542}.Release|Any CPU.ActiveCfg = Release|Any CPU
		{7ABD8173-4753-4B22-BE84-5FD7273E7542}.Release|Any CPU.Build.0 = Release|Any CPU
	EndGlobalSection
	GlobalSection(SolutionProperties) = preSolution
		HideSolutionNode = FALSE
	EndGlobalSection
EndGlobal
